
Microsoft Visual Studio Solution File, Format Version 12.00
# Visual Studio Version 16
VisualStudioVersion = 16.0.31424.327
MinimumVisualStudioVersion = 10.0.40219.1
Project("{FAE04EC0-301F-11D3-BF4B-00C04F79EFBC}") = "TaskInterviewDashkevich", "TaskInterviewDashkevich.csproj", "{BB4285ED-B1CB-4FF0-B80E-294B7286D793}"
EndProject
Global
	GlobalSection(SolutionConfigurationPlatforms) = preSolution
		Debug|Any CPU = Debug|Any CPU
		Release|Any CPU = Release|Any CPU
	EndGlobalSection
	GlobalSection(ProjectConfigurationPlatforms) = postSolution
		{BB4285ED-B1CB-4FF0-B80E-294B7286D793}.Debug|Any CPU.ActiveCfg = Debug|Any CPU
		{BB4285ED-B1CB-4FF0-B80E-294B7286D793}.Debug|Any CPU.Build.0 = Debug|Any CPU
		{BB4285ED-B1CB-4FF0-B80E-294B7286D793}.Release|Any CPU.ActiveCfg = Release|Any CPU
		{BB4285ED-B1CB-4FF0-B80E-294B7286D793}.Release|Any CPU.Build.0 = Release|Any CPU
	EndGlobalSection
	GlobalSection(SolutionProperties) = preSolution
		HideSolutionNode = FALSE
	EndGlobalSection
	GlobalSection(ExtensibilityGlobals) = postSolution
		SolutionGuid = {0E5A77D1-C03E-4B5C-958D-2C4ED7EC652D}
	EndGlobalSection
EndGlobal
